{
  "name": "iota.flash.js",
  "version": "0.0.1",
  "lockfileVersion": 1,
  "dependencies": {
    "crypto-js": {
      "version": "3.1.9-1",
      "resolved": "https://registry.npmjs.org/crypto-js/-/crypto-js-3.1.9-1.tgz",
      "integrity": "sha1-/aGedh/Ad+Af+/3G6f38WeiAbNg="
    },
    "iota.crypto.js": {
      "version": "github:l3wi/iota.crypto.js#b5df9599359d81522046ab697eadff32ef475f78"
    }
  }
}
